
Microsoft Visual Studio Solution File, Format Version 12.00
Project("{FAE04EC0-301F-11D3-BF4B-00C04F79EFBC}") = "Comp practice", "Comp practice\Comp practice.csproj", "{51F348E2-7BDD-4419-A649-68E15382F598}"
EndProject
Global
	GlobalSection(SolutionConfigurationPlatforms) = preSolution
		Debug|Any CPU = Debug|Any CPU
		Release|Any CPU = Release|Any CPU
	EndGlobalSection
	GlobalSection(ProjectConfigurationPlatforms) = postSolution
		{51F348E2-7BDD-4419-A649-68E15382F598}.Debug|Any CPU.ActiveCfg = Debug|Any CPU
		{51F348E2-7BDD-4419-A649-68E15382F598}.Debug|Any CPU.Build.0 = Debug|Any CPU
		{51F348E2-7BDD-4419-A649-68E15382F598}.Release|Any CPU.ActiveCfg = Release|Any CPU
		{51F348E2-7BDD-4419-A649-68E15382F598}.Release|Any CPU.Build.0 = Release|Any CPU
	EndGlobalSection
EndGlobal
